<?xml version="1.0" encoding="utf-8"?>
<Project ToolsVersion="4.0" xmlns="http://schemas.microsoft.com/developer/msbuild/2003">
  <ItemGroup>
    <Filter Include="Source Files">
      <UniqueIdentifier>{4FC737F1-C7A5-4376-A066-2A32D752A2FF}</UniqueIdentifier>
      <Extensions>cpp;c;cc;cxx;def;odl;idl;hpj;bat;asm;asmx</Extensions>
    </Filter>
    <Filter Include="Header Files">
      <UniqueIdentifier>{93995380-89BD-4b04-88EB-625FBE52EBFB}</UniqueIdentifier>
      <Extensions>h;hh;hpp;hxx;hm;inl;inc;ipp;xsd</Extensions>
    </Filter>
    <Filter Include="Resource Files">
      <UniqueIdentifier>{67DA6AB6-F800-4c08-8B7A-83BB121AAD01}</UniqueIdentifier>
      <Extensions>rc;ico;cur;bmp;dlg;rc2;rct;bin;rgs;gif;jpg;jpeg;jpe;resx;tiff;tif;png;wav;mfcribbon-ms</Extensions>
    </Filter>
  </ItemGroup>
  <ItemGroup>
    <ClInclude Include="CarsDB.h">
      <Filter>Header Files</Filter>
    </ClInclude>
    <ClInclude Include="framework.h">
      <Filter>Header Files</Filter>
    </ClInclude>
    <ClInclude Include="targetver.h">
      <Filter>Header Files</Filter>
    </ClInclude>
    <ClInclude Include="MainFrm.h">
      <Filter>Header Files</Filter>
    </ClInclude>
    <ClInclude Include="CarsDBDoc.h">
      <Filter>Header Files</Filter>
    </ClInclude>
    <ClInclude Include="CarsDBView.h">
      <Filter>Header Files</Filter>
    </ClInclude>
    <ClInclude Include="Resource.h">
      <Filter>Header Files</Filter>
    </ClInclude>
    <ClInclude Include="pch.h">
      <Filter>Header Files</Filter>
    </ClInclude>
    <ClInclude Include="CARS.h">
      <Filter>Header Files</Filter>
    </ClInclude>
    <ClInclude Include="FIRMS.h">
      <Filter>Header Files</Filter>
    </ClInclude>
    <ClInclude Include="ORDERS.h">
      <Filter>Header Files</Filter>
    </ClInclude>
    <ClInclude Include="CARS_MULTI.h">
      <Filter>Header Files</Filter>
    </ClInclude>
    <ClInclude Include="SORTCars.h">
      <Filter>Header Files</Filter>
    </ClInclude>
    <ClInclude Include="DelOrder.h">
      <Filter>Header Files</Filter>
    </ClInclude>
    <ClInclude Include="DelFirm.h">
      <Filter>Header Files</Filter>
    </ClInclude>
    <ClInclude Include="DelCar.h">
      <Filter>Header Files</Filter>
    </ClInclude>
    <ClInclude Include="AddCar.h">
      <Filter>Header Files</Filter>
    </ClInclude>
    <ClInclude Include="AddFirm.h">
      <Filter>Header Files</Filter>
    </ClInclude>
    <ClInclude Include="AddOrder.h">
      <Filter>Header Files</Filter>
    </ClInclude>
  </ItemGroup>
  <ItemGroup>
    <ClCompile Include="CarsDB.cpp">
      <Filter>Source Files</Filter>
    </ClCompile>
    <ClCompile Include="MainFrm.cpp">
      <Filter>Source Files</Filter>
    </ClCompile>
    <ClCompile Include="CarsDBDoc.cpp">
      <Filter>Source Files</Filter>
    </ClCompile>
    <ClCompile Include="CarsDBView.cpp">
      <Filter>Source Files</Filter>
    </ClCompile>
    <ClCompile Include="pch.cpp">
      <Filter>Source Files</Filter>
    </ClCompile>
    <ClCompile Include="CARS.cpp">
      <Filter>Source Files</Filter>
    </ClCompile>
    <ClCompile Include="FIRMS.cpp">
      <Filter>Source Files</Filter>
    </ClCompile>
    <ClCompile Include="ORDERS.cpp">
      <Filter>Source Files</Filter>
    </ClCompile>
    <ClCompile Include="CARS_MULTI.cpp">
      <Filter>Source Files</Filter>
    </ClCompile>
    <ClCompile Include="SORTCars.cpp">
      <Filter>Source Files</Filter>
    </ClCompile>
    <ClCompile Include="DelOrder.cpp">
      <Filter>Source Files</Filter>
    </ClCompile>
    <ClCompile Include="DelFirm.cpp">
      <Filter>Source Files</Filter>
    </ClCompile>
    <ClCompile Include="DelCar.cpp">
      <Filter>Source Files</Filter>
    </ClCompile>
    <ClCompile Include="AddCar.cpp">
      <Filter>Source Files</Filter>
    </ClCompile>
    <ClCompile Include="AddFirm.cpp">
      <Filter>Source Files</Filter>
    </ClCompile>
    <ClCompile Include="AddOrder.cpp">
      <Filter>Source Files</Filter>
    </ClCompile>
  </ItemGroup>
  <ItemGroup>
    <ResourceCompile Include="CarsDB.rc">
      <Filter>Resource Files</Filter>
    </ResourceCompile>
  </ItemGroup>
  <ItemGroup>
    <None Include="res\CarsDB.rc2">
      <Filter>Resource Files</Filter>
    </None>
  </ItemGroup>
  <ItemGroup>
    <Image Include="res\CarsDBDoc.ico">
      <Filter>Resource Files</Filter>
    </Image>
    <Image Include="res\CarsDB.ico">
      <Filter>Resource Files</Filter>
    </Image>
    <Image Include="res\Toolbar.bmp">
      <Filter>Resource Files</Filter>
    </Image>
  </ItemGroup>
</Project>